// !$*UTF8*$!
{
	archiveVersion = 1;
	classes = {
	};
	objectVersion = 46;
	objects = {

/* Begin PBXBuildFile section */
		180D1CC91D518AED00EEF51E /* DoctorInfoCell.m in Sources */ = {isa = PBXBuildFile; fileRef = 180D1CC71D518AED00EEF51E /* DoctorInfoCell.m */; };
		180D1CCA1D518AED00EEF51E /* DoctorInfoCell.xib in Resources */ = {isa = PBXBuildFile; fileRef = 180D1CC81D518AED00EEF51E /* DoctorInfoCell.xib */; };
		180D1CCD1D518D8F00EEF51E /* DoctorInfoCellM.m in Sources */ = {isa = PBXBuildFile; fileRef = 180D1CCC1D518D8F00EEF51E /* DoctorInfoCellM.m */; };
		1841F7271D53181F00A912EB /* DayScheduleCell.m in Sources */ = {isa = PBXBuildFile; fileRef = 1841F7251D53181F00A912EB /* DayScheduleCell.m */; };
		1841F7281D53181F00A912EB /* DayScheduleCell.xib in Resources */ = {isa = PBXBuildFile; fileRef = 1841F7261D53181F00A912EB /* DayScheduleCell.xib */; };
		1841F72B1D5318B600A912EB /* DayScheduleCellM.m in Sources */ = {isa = PBXBuildFile; fileRef = 1841F72A1D5318B600A912EB /* DayScheduleCellM.m */; };
		1865F3B41D5032DB00BC56F5 /* main.m in Sources */ = {isa = PBXBuildFile; fileRef = 1865F3B31D5032DB00BC56F5 /* main.m */; };
		1865F3B71D5032DB00BC56F5 /* AppDelegate.m in Sources */ = {isa = PBXBuildFile; fileRef = 1865F3B61D5032DB00BC56F5 /* AppDelegate.m */; };
		1865F3BA1D5032DB00BC56F5 /* ViewController.m in Sources */ = {isa = PBXBuildFile; fileRef = 1865F3B91D5032DB00BC56F5 /* ViewController.m */; };
		1865F3BD1D5032DB00BC56F5 /* Main.storyboard in Resources */ = {isa = PBXBuildFile; fileRef = 1865F3BB1D5032DB00BC56F5 /* Main.storyboard */; };
		1865F3BF1D5032DB00BC56F5 /* Assets.xcassets in Resources */ = {isa = PBXBuildFile; fileRef = 1865F3BE1D5032DB00BC56F5 /* Assets.xcassets */; };
		1865F3C21D5032DB00BC56F5 /* LaunchScreen.storyboard in Resources */ = {isa = PBXBuildFile; fileRef = 1865F3C01D5032DB00BC56F5 /* LaunchScreen.storyboard */; };
		1865F3F31D503B7200BC56F5 /* FirstViewController.m in Sources */ = {isa = PBXBuildFile; fileRef = 1865F3F11D503B7200BC56F5 /* FirstViewController.m */; };
		1865F3F41D503B7200BC56F5 /* FirstViewController.xib in Resources */ = {isa = PBXBuildFile; fileRef = 1865F3F21D503B7200BC56F5 /* FirstViewController.xib */; };
		1865F3F71D503BB900BC56F5 /* FirstViewControllerVM.m in Sources */ = {isa = PBXBuildFile; fileRef = 1865F3F61D503BB900BC56F5 /* FirstViewControllerVM.m */; };
		1865F3FA1D503C1E00BC56F5 /* MVVMBaseViewController.m in Sources */ = {isa = PBXBuildFile; fileRef = 1865F3F91D503C1E00BC56F5 /* MVVMBaseViewController.m */; };
		1865F3FD1D503C4000BC56F5 /* MVVMBaseViewControllerVM.m in Sources */ = {isa = PBXBuildFile; fileRef = 1865F3FC1D503C4000BC56F5 /* MVVMBaseViewControllerVM.m */; };
		1865F4041D504E6100BC56F5 /* Doctor.m in Sources */ = {isa = PBXBuildFile; fileRef = 1865F4031D504E6100BC56F5 /* Doctor.m */; };
		18699C631DC71FC100173401 /* UIViewController+MVVMViewController.m in Sources */ = {isa = PBXBuildFile; fileRef = 18699C621DC71FC100173401 /* UIViewController+MVVMViewController.m */; };
		18699C661DC71FE100173401 /* NSObject+MVVMViewModel.m in Sources */ = {isa = PBXBuildFile; fileRef = 18699C651DC71FE100173401 /* NSObject+MVVMViewModel.m */; };
		18699C6E1DC744A000173401 /* ThirdViewController.m in Sources */ = {isa = PBXBuildFile; fileRef = 18699C6C1DC744A000173401 /* ThirdViewController.m */; };
		18699C6F1DC744A000173401 /* ThirdViewController.xib in Resources */ = {isa = PBXBuildFile; fileRef = 18699C6D1DC744A000173401 /* ThirdViewController.xib */; };
		18699C721DC74D5400173401 /* ThirdViewControllerVM.m in Sources */ = {isa = PBXBuildFile; fileRef = 18699C711DC74D5400173401 /* ThirdViewControllerVM.m */; };
		189EA9D01D5315AE00FFBEDF /* DaySchedule.m in Sources */ = {isa = PBXBuildFile; fileRef = 189EA9CF1D5315AE00FFBEDF /* DaySchedule.m */; };
		18EFA0871D51EC2900044A68 /* SecondViewController.m in Sources */ = {isa = PBXBuildFile; fileRef = 18EFA0851D51EC2800044A68 /* SecondViewController.m */; };
		18EFA0881D51EC2900044A68 /* SecondViewController.xib in Resources */ = {isa = PBXBuildFile; fileRef = 18EFA0861D51EC2900044A68 /* SecondViewController.xib */; };
		18EFA08B1D51EC7400044A68 /* SecondViewControllerVM.m in Sources */ = {isa = PBXBuildFile; fileRef = 18EFA08A1D51EC7400044A68 /* SecondViewControllerVM.m */; };
		69E3CE5BA935685078CD9D0A /* libPods.a in Frameworks */ = {isa = PBXBuildFile; fileRef = 4BE4DFC685DEAFB04D0BB17F /* libPods.a */; };
/* End PBXBuildFile section */

/* Begin PBXFileReference section */
		180D1CC61D518AED00EEF51E /* DoctorInfoCell.h */ = {isa = PBXFileReference; fileEncoding = 4; lastKnownFileType = sourcecode.c.h; path = DoctorInfoCell.h; sourceTree = "<group>"; };
		180D1CC71D518AED00EEF51E /* DoctorInfoCell.m */ = {isa = PBXFileReference; fileEncoding = 4; lastKnownFileType = sourcecode.c.objc; path = DoctorInfoCell.m; sourceTree = "<group>"; };
		180D1CC81D518AED00EEF51E /* DoctorInfoCell.xib */ = {isa = PBXFileReference; fileEncoding = 4; lastKnownFileType = file.xib; path = DoctorInfoCell.xib; sourceTree = "<group>"; };
		180D1CCB1D518D8F00EEF51E /* DoctorInfoCellM.h */ = {isa = PBXFileReference; fileEncoding = 4; lastKnownFileType = sourcecode.c.h; path = DoctorInfoCellM.h; sourceTree = "<group>"; };
		180D1CCC1D518D8F00EEF51E /* DoctorInfoCellM.m */ = {isa = PBXFileReference; fileEncoding = 4; lastKnownFileType = sourcecode.c.objc; path = DoctorInfoCellM.m; sourceTree = "<group>"; };
		1841F7241D53181F00A912EB /* DayScheduleCell.h */ = {isa = PBXFileReference; fileEncoding = 4; lastKnownFileType = sourcecode.c.h; path = DayScheduleCell.h; sourceTree = "<group>"; };
		1841F7251D53181F00A912EB /* DayScheduleCell.m */ = {isa = PBXFileReference; fileEncoding = 4; lastKnownFileType = sourcecode.c.objc; path = DayScheduleCell.m; sourceTree = "<group>"; };
		1841F7261D53181F00A912EB /* DayScheduleCell.xib */ = {isa = PBXFileReference; fileEncoding = 4; lastKnownFileType = file.xib; path = DayScheduleCell.xib; sourceTree = "<group>"; };
		1841F7291D5318B600A912EB /* DayScheduleCellM.h */ = {isa = PBXFileReference; fileEncoding = 4; lastKnownFileType = sourcecode.c.h; path = DayScheduleCellM.h; sourceTree = "<group>"; };
		1841F72A1D5318B600A912EB /* DayScheduleCellM.m */ = {isa = PBXFileReference; fileEncoding = 4; lastKnownFileType = sourcecode.c.objc; path = DayScheduleCellM.m; sourceTree = "<group>"; };
		1865F3AF1D5032DB00BC56F5 /* MVVMTest.app */ = {isa = PBXFileReference; explicitFileType = wrapper.application; includeInIndex = 0; path = MVVMTest.app; sourceTree = BUILT_PRODUCTS_DIR; };
		1865F3B31D5032DB00BC56F5 /* main.m */ = {isa = PBXFileReference; lastKnownFileType = sourcecode.c.objc; path = main.m; sourceTree = "<group>"; };
		1865F3B51D5032DB00BC56F5 /* AppDelegate.h */ = {isa = PBXFileReference; lastKnownFileType = sourcecode.c.h; path = AppDelegate.h; sourceTree = "<group>"; };
		1865F3B61D5032DB00BC56F5 /* AppDelegate.m */ = {isa = PBXFileReference; lastKnownFileType = sourcecode.c.objc; path = AppDelegate.m; sourceTree = "<group>"; };
		1865F3B81D5032DB00BC56F5 /* ViewController.h */ = {isa = PBXFileReference; lastKnownFileType = sourcecode.c.h; path = ViewController.h; sourceTree = "<group>"; };
		1865F3B91D5032DB00BC56F5 /* ViewController.m */ = {isa = PBXFileReference; lastKnownFileType = sourcecode.c.objc; path = ViewController.m; sourceTree = "<group>"; };
		1865F3BC1D5032DB00BC56F5 /* Base */ = {isa = PBXFileReference; lastKnownFileType = file.storyboard; name = Base; path = Base.lproj/Main.storyboard; sourceTree = "<group>"; };
		1865F3BE1D5032DB00BC56F5 /* Assets.xcassets */ = {isa = PBXFileReference; lastKnownFileType = folder.assetcatalog; path = Assets.xcassets; sourceTree = "<group>"; };
		1865F3C11D5032DB00BC56F5 /* Base */ = {isa = PBXFileReference; lastKnownFileType = file.storyboard; name = Base; path = Base.lproj/LaunchScreen.storyboard; sourceTree = "<group>"; };
		1865F3C31D5032DB00BC56F5 /* Info.plist */ = {isa = PBXFileReference; lastKnownFileType = text.plist.xml; path = Info.plist; sourceTree = "<group>"; };
		1865F3CC1D5032DC00BC56F5 /* MVVMTestTests.m */ = {isa = PBXFileReference; lastKnownFileType = sourcecode.c.objc; path = MVVMTestTests.m; sourceTree = "<group>"; };
		1865F3CE1D5032DC00BC56F5 /* Info.plist */ = {isa = PBXFileReference; lastKnownFileType = text.plist.xml; path = Info.plist; sourceTree = "<group>"; };
		1865F3D71D5032DC00BC56F5 /* MVVMTestUITests.m */ = {isa = PBXFileReference; lastKnownFileType = sourcecode.c.objc; path = MVVMTestUITests.m; sourceTree = "<group>"; };
		1865F3D91D5032DC00BC56F5 /* Info.plist */ = {isa = PBXFileReference; lastKnownFileType = text.plist.xml; path = Info.plist; sourceTree = "<group>"; };
		1865F3F01D503B7200BC56F5 /* FirstViewController.h */ = {isa = PBXFileReference; fileEncoding = 4; lastKnownFileType = sourcecode.c.h; path = FirstViewController.h; sourceTree = "<group>"; };
		1865F3F11D503B7200BC56F5 /* FirstViewController.m */ = {isa = PBXFileReference; fileEncoding = 4; lastKnownFileType = sourcecode.c.objc; path = FirstViewController.m; sourceTree = "<group>"; };
		1865F3F21D503B7200BC56F5 /* FirstViewController.xib */ = {isa = PBXFileReference; fileEncoding = 4; lastKnownFileType = file.xib; path = FirstViewController.xib; sourceTree = "<group>"; };
		1865F3F51D503BB900BC56F5 /* FirstViewControllerVM.h */ = {isa = PBXFileReference; fileEncoding = 4; lastKnownFileType = sourcecode.c.h; path = FirstViewControllerVM.h; sourceTree = "<group>"; };
		1865F3F61D503BB900BC56F5 /* FirstViewControllerVM.m */ = {isa = PBXFileReference; fileEncoding = 4; lastKnownFileType = sourcecode.c.objc; path = FirstViewControllerVM.m; sourceTree = "<group>"; };
		1865F3F81D503C1E00BC56F5 /* MVVMBaseViewController.h */ = {isa = PBXFileReference; fileEncoding = 4; lastKnownFileType = sourcecode.c.h; path = MVVMBaseViewController.h; sourceTree = "<group>"; };
		1865F3F91D503C1E00BC56F5 /* MVVMBaseViewController.m */ = {isa = PBXFileReference; fileEncoding = 4; lastKnownFileType = sourcecode.c.objc; path = MVVMBaseViewController.m; sourceTree = "<group>"; };
		1865F3FB1D503C4000BC56F5 /* MVVMBaseViewControllerVM.h */ = {isa = PBXFileReference; fileEncoding = 4; lastKnownFileType = sourcecode.c.h; path = MVVMBaseViewControllerVM.h; sourceTree = "<group>"; };
		1865F3FC1D503C4000BC56F5 /* MVVMBaseViewControllerVM.m */ = {isa = PBXFileReference; fileEncoding = 4; lastKnownFileType = sourcecode.c.objc; path = MVVMBaseViewControllerVM.m; sourceTree = "<group>"; };
		1865F4021D504E6100BC56F5 /* Doctor.h */ = {isa = PBXFileReference; fileEncoding = 4; lastKnownFileType = sourcecode.c.h; path = Doctor.h; sourceTree = "<group>"; };
		1865F4031D504E6100BC56F5 /* Doctor.m */ = {isa = PBXFileReference; fileEncoding = 4; lastKnownFileType = sourcecode.c.objc; path = Doctor.m; sourceTree = "<group>"; };
		18699C5B1DC6F56E00173401 /* MVVMViewControllerProtocol.h */ = {isa = PBXFileReference; lastKnownFileType = sourcecode.c.h; path = MVVMViewControllerProtocol.h; sourceTree = "<group>"; };
		18699C5C1DC6F60F00173401 /* MVVMViewControllerVMProtocol.h */ = {isa = PBXFileReference; lastKnownFileType = sourcecode.c.h; path = MVVMViewControllerVMProtocol.h; sourceTree = "<group>"; };
		18699C611DC71FC100173401 /* UIViewController+MVVMViewController.h */ = {isa = PBXFileReference; fileEncoding = 4; lastKnownFileType = sourcecode.c.h; path = "UIViewController+MVVMViewController.h"; sourceTree = "<group>"; };
		18699C621DC71FC100173401 /* UIViewController+MVVMViewController.m */ = {isa = PBXFileReference; fileEncoding = 4; lastKnownFileType = sourcecode.c.objc; path = "UIViewController+MVVMViewController.m"; sourceTree = "<group>"; };
		18699C641DC71FE100173401 /* NSObject+MVVMViewModel.h */ = {isa = PBXFileReference; fileEncoding = 4; lastKnownFileType = sourcecode.c.h; path = "NSObject+MVVMViewModel.h"; sourceTree = "<group>"; };
		18699C651DC71FE100173401 /* NSObject+MVVMViewModel.m */ = {isa = PBXFileReference; fileEncoding = 4; lastKnownFileType = sourcecode.c.objc; path = "NSObject+MVVMViewModel.m"; sourceTree = "<group>"; };
		18699C6B1DC744A000173401 /* ThirdViewController.h */ = {isa = PBXFileReference; fileEncoding = 4; lastKnownFileType = sourcecode.c.h; path = ThirdViewController.h; sourceTree = "<group>"; };
		18699C6C1DC744A000173401 /* ThirdViewController.m */ = {isa = PBXFileReference; fileEncoding = 4; lastKnownFileType = sourcecode.c.objc; path = ThirdViewController.m; sourceTree = "<group>"; };
		18699C6D1DC744A000173401 /* ThirdViewController.xib */ = {isa = PBXFileReference; fileEncoding = 4; lastKnownFileType = file.xib; path = ThirdViewController.xib; sourceTree = "<group>"; };
		18699C701DC74D5400173401 /* ThirdViewControllerVM.h */ = {isa = PBXFileReference; fileEncoding = 4; lastKnownFileType = sourcecode.c.h; path = ThirdViewControllerVM.h; sourceTree = "<group>"; };
		18699C711DC74D5400173401 /* ThirdViewControllerVM.m */ = {isa = PBXFileReference; fileEncoding = 4; lastKnownFileType = sourcecode.c.objc; path = ThirdViewControllerVM.m; sourceTree = "<group>"; };
		189EA9CE1D5315AE00FFBEDF /* DaySchedule.h */ = {isa = PBXFileReference; fileEncoding = 4; lastKnownFileType = sourcecode.c.h; path = DaySchedule.h; sourceTree = "<group>"; };
		189EA9CF1D5315AE00FFBEDF /* DaySchedule.m */ = {isa = PBXFileReference; fileEncoding = 4; lastKnownFileType = sourcecode.c.objc; path = DaySchedule.m; sourceTree = "<group>"; };
		18EFA0841D51EC2800044A68 /* SecondViewController.h */ = {isa = PBXFileReference; fileEncoding = 4; lastKnownFileType = sourcecode.c.h; path = SecondViewController.h; sourceTree = "<group>"; };
		18EFA0851D51EC2800044A68 /* SecondViewController.m */ = {isa = PBXFileReference; fileEncoding = 4; lastKnownFileType = sourcecode.c.objc; path = SecondViewController.m; sourceTree = "<group>"; };
		18EFA0861D51EC2900044A68 /* SecondViewController.xib */ = {isa = PBXFileReference; fileEncoding = 4; lastKnownFileType = file.xib; path = SecondViewController.xib; sourceTree = "<group>"; };
		18EFA0891D51EC7400044A68 /* SecondViewControllerVM.h */ = {isa = PBXFileReference; fileEncoding = 4; lastKnownFileType = sourcecode.c.h; path = SecondViewControllerVM.h; sourceTree = "<group>"; };
		18EFA08A1D51EC7400044A68 /* SecondViewControllerVM.m */ = {isa = PBXFileReference; fileEncoding = 4; lastKnownFileType = sourcecode.c.objc; path = SecondViewControllerVM.m; sourceTree = "<group>"; };
		1D08D8595CE979EB8F5F9097 /* Pods.release.xcconfig */ = {isa = PBXFileReference; includeInIndex = 1; lastKnownFileType = text.xcconfig; name = Pods.release.xcconfig; path = "Pods/Target Support Files/Pods/Pods.release.xcconfig"; sourceTree = "<group>"; };
		4BE4DFC685DEAFB04D0BB17F /* libPods.a */ = {isa = PBXFileReference; explicitFileType = archive.ar; includeInIndex = 0; path = libPods.a; sourceTree = BUILT_PRODUCTS_DIR; };
		7B78F50FE15AD070CA940822 /* Pods.debug.xcconfig */ = {isa = PBXFileReference; includeInIndex = 1; lastKnownFileType = text.xcconfig; name = Pods.debug.xcconfig; path = "Pods/Target Support Files/Pods/Pods.debug.xcconfig"; sourceTree = "<group>"; };
/* End PBXFileReference section */

/* Begin PBXFrameworksBuildPhase section */
		1865F3AC1D5032DB00BC56F5 /* Frameworks */ = {
			isa = PBXFrameworksBuildPhase;
			buildActionMask = 2147483647;
			files = (
				69E3CE5BA935685078CD9D0A /* libPods.a in Frameworks */,
			);
			runOnlyForDeploymentPostprocessing = 0;
		};
/* End PBXFrameworksBuildPhase section */

/* Begin PBXGroup section */
		1865F3A61D5032DB00BC56F5 = {
			isa = PBXGroup;
			children = (
				1865F3B11D5032DB00BC56F5 /* MVVMTest */,
				1865F3CB1D5032DC00BC56F5 /* MVVMTestTests */,
				1865F3D61D5032DC00BC56F5 /* MVVMTestUITests */,
				1865F3B01D5032DB00BC56F5 /* Products */,
				A1833D6EA1D434A81A089944 /* Pods */,
				CEF18D29310760E6E693B300 /* Frameworks */,
			);
			sourceTree = "<group>";
		};
		1865F3B01D5032DB00BC56F5 /* Products */ = {
			isa = PBXGroup;
			children = (
				1865F3AF1D5032DB00BC56F5 /* MVVMTest.app */,
			);
			name = Products;
			sourceTree = "<group>";
		};
		1865F3B11D5032DB00BC56F5 /* MVVMTest */ = {
			isa = PBXGroup;
			children = (
				1865F3E61D50341000BC56F5 /* project */,
				1865F3E51D50340100BC56F5 /* source */,
				1865F3B21D5032DB00BC56F5 /* Supporting Files */,
			);
			path = MVVMTest;
			sourceTree = "<group>";
		};
		1865F3B21D5032DB00BC56F5 /* Supporting Files */ = {
			isa = PBXGroup;
			children = (
				1865F3B31D5032DB00BC56F5 /* main.m */,
			);
			name = "Supporting Files";
			sourceTree = "<group>";
		};
		1865F3CB1D5032DC00BC56F5 /* MVVMTestTests */ = {
			isa = PBXGroup;
			children = (
				1865F3CC1D5032DC00BC56F5 /* MVVMTestTests.m */,
				1865F3CE1D5032DC00BC56F5 /* Info.plist */,
			);
			path = MVVMTestTests;
			sourceTree = "<group>";
		};
		1865F3D61D5032DC00BC56F5 /* MVVMTestUITests */ = {
			isa = PBXGroup;
			children = (
				1865F3D71D5032DC00BC56F5 /* MVVMTestUITests.m */,
				1865F3D91D5032DC00BC56F5 /* Info.plist */,
			);
			path = MVVMTestUITests;
			sourceTree = "<group>";
		};
		1865F3E51D50340100BC56F5 /* source */ = {
			isa = PBXGroup;
			children = (
				1865F3BE1D5032DB00BC56F5 /* Assets.xcassets */,
				1865F3C01D5032DB00BC56F5 /* LaunchScreen.storyboard */,
				1865F3C31D5032DB00BC56F5 /* Info.plist */,
				1865F3B51D5032DB00BC56F5 /* AppDelegate.h */,
				1865F3B61D5032DB00BC56F5 /* AppDelegate.m */,
			);
			name = source;
			sourceTree = "<group>";
		};
		1865F3E61D50341000BC56F5 /* project */ = {
			isa = PBXGroup;
			children = (
				18699C5D1DC71E8800173401 /* Category */,
				18699C5A1DC6F51500173401 /* Protocol */,
				1865F3E81D50345700BC56F5 /* BaseMVVM */,
				1865F3E71D50344600BC56F5 /* MainViewController */,
				1865F3EF1D503B2D00BC56F5 /* FirstViewController */,
				18EFA0801D51EB8E00044A68 /* SecondViewController */,
				18699C671DC7439500173401 /* ThirdViewController */,
			);
			name = project;
			sourceTree = "<group>";
		};
		1865F3E71D50344600BC56F5 /* MainViewController */ = {
			isa = PBXGroup;
			children = (
				1865F3B81D5032DB00BC56F5 /* ViewController.h */,
				1865F3B91D5032DB00BC56F5 /* ViewController.m */,
				1865F3BB1D5032DB00BC56F5 /* Main.storyboard */,
			);
			name = MainViewController;
			sourceTree = "<group>";
		};
		1865F3E81D50345700BC56F5 /* BaseMVVM */ = {
			isa = PBXGroup;
			children = (
				1865F3F81D503C1E00BC56F5 /* MVVMBaseViewController.h */,
				1865F3F91D503C1E00BC56F5 /* MVVMBaseViewController.m */,
				1865F3FB1D503C4000BC56F5 /* MVVMBaseViewControllerVM.h */,
				1865F3FC1D503C4000BC56F5 /* MVVMBaseViewControllerVM.m */,
			);
			name = BaseMVVM;
			sourceTree = "<group>";
		};
		1865F3EF1D503B2D00BC56F5 /* FirstViewController */ = {
			isa = PBXGroup;
			children = (
				1865F4001D504D7000BC56F5 /* M */,
				1865F3FF1D504D5800BC56F5 /* VM */,
				1865F3FE1D504D3000BC56F5 /* V/VC */,
			);
			name = FirstViewController;
			sourceTree = "<group>";
		};
		1865F3FE1D504D3000BC56F5 /* V/VC */ = {
			isa = PBXGroup;
			children = (
				1865F3F01D503B7200BC56F5 /* FirstViewController.h */,
				1865F3F11D503B7200BC56F5 /* FirstViewController.m */,
				1865F3F21D503B7200BC56F5 /* FirstViewController.xib */,
				180D1CC61D518AED00EEF51E /* DoctorInfoCell.h */,
				180D1CC71D518AED00EEF51E /* DoctorInfoCell.m */,
				180D1CC81D518AED00EEF51E /* DoctorInfoCell.xib */,
			);
			name = V/VC;
			sourceTree = "<group>";
		};
		1865F3FF1D504D5800BC56F5 /* VM */ = {
			isa = PBXGroup;
			children = (
				1865F3F51D503BB900BC56F5 /* FirstViewControllerVM.h */,
				1865F3F61D503BB900BC56F5 /* FirstViewControllerVM.m */,
			);
			name = VM;
			sourceTree = "<group>";
		};
		1865F4001D504D7000BC56F5 /* M */ = {
			isa = PBXGroup;
			children = (
				1865F4021D504E6100BC56F5 /* Doctor.h */,
				1865F4031D504E6100BC56F5 /* Doctor.m */,
				180D1CCB1D518D8F00EEF51E /* DoctorInfoCellM.h */,
				180D1CCC1D518D8F00EEF51E /* DoctorInfoCellM.m */,
			);
			name = M;
			sourceTree = "<group>";
		};
		18699C5A1DC6F51500173401 /* Protocol */ = {
			isa = PBXGroup;
			children = (
				18699C5B1DC6F56E00173401 /* MVVMViewControllerProtocol.h */,
				18699C5C1DC6F60F00173401 /* MVVMViewControllerVMProtocol.h */,
			);
			name = Protocol;
			sourceTree = "<group>";
		};
		18699C5D1DC71E8800173401 /* Category */ = {
			isa = PBXGroup;
			children = (
				18699C611DC71FC100173401 /* UIViewController+MVVMViewController.h */,
				18699C621DC71FC100173401 /* UIViewController+MVVMViewController.m */,
				18699C641DC71FE100173401 /* NSObject+MVVMViewModel.h */,
				18699C651DC71FE100173401 /* NSObject+MVVMViewModel.m */,
			);
			name = Category;
			sourceTree = "<group>";
		};
		18699C671DC7439500173401 /* ThirdViewController */ = {
			isa = PBXGroup;
			children = (
				18699C681DC743FA00173401 /* M */,
				18699C691DC7440100173401 /* VM */,
				18699C6A1DC7440700173401 /* V/VC */,
			);
			name = ThirdViewController;
			sourceTree = "<group>";
		};
		18699C681DC743FA00173401 /* M */ = {
			isa = PBXGroup;
			children = (
			);
			name = M;
			sourceTree = "<group>";
		};
		18699C691DC7440100173401 /* VM */ = {
			isa = PBXGroup;
			children = (
				18699C701DC74D5400173401 /* ThirdViewControllerVM.h */,
				18699C711DC74D5400173401 /* ThirdViewControllerVM.m */,
			);
			name = VM;
			sourceTree = "<group>";
		};
		18699C6A1DC7440700173401 /* V/VC */ = {
			isa = PBXGroup;
			children = (
				18699C6B1DC744A000173401 /* ThirdViewController.h */,
				18699C6C1DC744A000173401 /* ThirdViewController.m */,
				18699C6D1DC744A000173401 /* ThirdViewController.xib */,
			);
			name = V/VC;
			sourceTree = "<group>";
		};
		18EFA0801D51EB8E00044A68 /* SecondViewController */ = {
			isa = PBXGroup;
			children = (
				18EFA0811D51EBD200044A68 /* M */,
				18EFA0821D51EBD900044A68 /* VM */,
				18EFA0831D51EBDF00044A68 /* V/VC */,
			);
			name = SecondViewController;
			sourceTree = "<group>";
		};
		18EFA0811D51EBD200044A68 /* M */ = {
			isa = PBXGroup;
			children = (
				189EA9CE1D5315AE00FFBEDF /* DaySchedule.h */,
				189EA9CF1D5315AE00FFBEDF /* DaySchedule.m */,
				1841F7291D5318B600A912EB /* DayScheduleCellM.h */,
				1841F72A1D5318B600A912EB /* DayScheduleCellM.m */,
			);
			name = M;
			sourceTree = "<group>";
		};
		18EFA0821D51EBD900044A68 /* VM */ = {
			isa = PBXGroup;
			children = (
				18EFA0891D51EC7400044A68 /* SecondViewControllerVM.h */,
				18EFA08A1D51EC7400044A68 /* SecondViewControllerVM.m */,
			);
			name = VM;
			sourceTree = "<group>";
		};
		18EFA0831D51EBDF00044A68 /* V/VC */ = {
			isa = PBXGroup;
			children = (
				18EFA0841D51EC2800044A68 /* SecondViewController.h */,
				18EFA0851D51EC2800044A68 /* SecondViewController.m */,
				18EFA0861D51EC2900044A68 /* SecondViewController.xib */,
				1841F7241D53181F00A912EB /* DayScheduleCell.h */,
				1841F7251D53181F00A912EB /* DayScheduleCell.m */,
				1841F7261D53181F00A912EB /* DayScheduleCell.xib */,
			);
			name = V/VC;
			sourceTree = "<group>";
		};
		A1833D6EA1D434A81A089944 /* Pods */ = {
			isa = PBXGroup;
			children = (
				7B78F50FE15AD070CA940822 /* Pods.debug.xcconfig */,
				1D08D8595CE979EB8F5F9097 /* Pods.release.xcconfig */,
			);
			name = Pods;
			sourceTree = "<group>";
		};
		CEF18D29310760E6E693B300 /* Frameworks */ = {
			isa = PBXGroup;
			children = (
				4BE4DFC685DEAFB04D0BB17F /* libPods.a */,
			);
			name = Frameworks;
			sourceTree = "<group>";
		};
/* End PBXGroup section */

/* Begin PBXNativeTarget section */
		1865F3AE1D5032DB00BC56F5 /* MVVMTest */ = {
			isa = PBXNativeTarget;
			buildConfigurationList = 1865F3DC1D5032DC00BC56F5 /* Build configuration list for PBXNativeTarget "MVVMTest" */;
			buildPhases = (
				E953E7AECAD45571C2550A1E /* Check Pods Manifest.lock */,
				1865F3AB1D5032DB00BC56F5 /* Sources */,
				1865F3AC1D5032DB00BC56F5 /* Frameworks */,
				1865F3AD1D5032DB00BC56F5 /* Resources */,
				AA99130A0A4FC4990BCB6FB1 /* Embed Pods Frameworks */,
				593E753139605136F65CDF70 /* Copy Pods Resources */,
			);
			buildRules = (
			);
			dependencies = (
			);
			name = MVVMTest;
			productName = MVVMTest;
			productReference = 1865F3AF1D5032DB00BC56F5 /* MVVMTest.app */;
			productType = "com.apple.product-type.application";
		};
/* End PBXNativeTarget section */

/* Begin PBXProject section */
		1865F3A71D5032DB00BC56F5 /* Project object */ = {
			isa = PBXProject;
			attributes = {
				LastUpgradeCheck = 0730;
				ORGANIZATIONNAME = apple;
				TargetAttributes = {
					1865F3AE1D5032DB00BC56F5 = {
						CreatedOnToolsVersion = 7.3.1;
						DevelopmentTeam = 6KLN6TB8A7;
					};
				};
			};
			buildConfigurationList = 1865F3AA1D5032DB00BC56F5 /* Build configuration list for PBXProject "MVVMTest" */;
			compatibilityVersion = "Xcode 3.2";
			developmentRegion = English;
			hasScannedForEncodings = 0;
			knownRegions = (
				en,
				Base,
			);
			mainGroup = 1865F3A61D5032DB00BC56F5;
			productRefGroup = 1865F3B01D5032DB00BC56F5 /* Products */;
			projectDirPath = "";
			projectRoot = "";
			targets = (
				1865F3AE1D5032DB00BC56F5 /* MVVMTest */,
			);
		};
/* End PBXProject section */

/* Begin PBXResourcesBuildPhase section */
		1865F3AD1D5032DB00BC56F5 /* Resources */ = {
			isa = PBXResourcesBuildPhase;
			buildActionMask = 2147483647;
			files = (
				180D1CCA1D518AED00EEF51E /* DoctorInfoCell.xib in Resources */,
				1865F3C21D5032DB00BC56F5 /* LaunchScreen.storyboard in Resources */,
				18699C6F1DC744A000173401 /* ThirdViewController.xib in Resources */,
				1841F7281D53181F00A912EB /* DayScheduleCell.xib in Resources */,
				18EFA0881D51EC2900044A68 /* SecondViewController.xib in Resources */,
				1865F3BF1D5032DB00BC56F5 /* Assets.xcassets in Resources */,
				1865F3BD1D5032DB00BC56F5 /* Main.storyboard in Resources */,
				1865F3F41D503B7200BC56F5 /* FirstViewController.xib in Resources */,
			);
			runOnlyForDeploymentPostprocessing = 0;
		};
/* End PBXResourcesBuildPhase section */

/* Begin PBXShellScriptBuildPhase section */
		593E753139605136F65CDF70 /* Copy Pods Resources */ = {
			isa = PBXShellScriptBuildPhase;
			buildActionMask = 2147483647;
			files = (
			);
			inputPaths = (
			);
			name = "Copy Pods Resources";
			outputPaths = (
			);
			runOnlyForDeploymentPostprocessing = 0;
			shellPath = /bin/sh;
			shellScript = "\"${SRCROOT}/Pods/Target Support Files/Pods/Pods-resources.sh\"\n";
			showEnvVarsInLog = 0;
		};
		AA99130A0A4FC4990BCB6FB1 /* Embed Pods Frameworks */ = {
			isa = PBXShellScriptBuildPhase;
			buildActionMask = 2147483647;
			files = (
			);
			inputPaths = (
			);
			name = "Embed Pods Frameworks";
			outputPaths = (
			);
			runOnlyForDeploymentPostprocessing = 0;
			shellPath = /bin/sh;
			shellScript = "\"${SRCROOT}/Pods/Target Support Files/Pods/Pods-frameworks.sh\"\n";
			showEnvVarsInLog = 0;
		};
		E953E7AECAD45571C2550A1E /* Check Pods Manifest.lock */ = {
			isa = PBXShellScriptBuildPhase;
			buildActionMask = 2147483647;
			files = (
			);
			inputPaths = (
			);
			name = "Check Pods Manifest.lock";
			outputPaths = (
			);
			runOnlyForDeploymentPostprocessing = 0;
			shellPath = /bin/sh;
			shellScript = "diff \"${PODS_ROOT}/../Podfile.lock\" \"${PODS_ROOT}/Manifest.lock\" > /dev/null\nif [[ $? != 0 ]] ; then\n    cat << EOM\nerror: The sandbox is not in sync with the Podfile.lock. Run 'pod install' or update your CocoaPods installation.\nEOM\n    exit 1\nfi\n";
			showEnvVarsInLog = 0;
		};
/* End PBXShellScriptBuildPhase section */

/* Begin PBXSourcesBuildPhase section */
		1865F3AB1D5032DB00BC56F5 /* Sources */ = {
			isa = PBXSourcesBuildPhase;
			buildActionMask = 2147483647;
			files = (
				180D1CCD1D518D8F00EEF51E /* DoctorInfoCellM.m in Sources */,
				1841F7271D53181F00A912EB /* DayScheduleCell.m in Sources */,
				189EA9D01D5315AE00FFBEDF /* DaySchedule.m in Sources */,
				18699C721DC74D5400173401 /* ThirdViewControllerVM.m in Sources */,
				1865F3BA1D5032DB00BC56F5 /* ViewController.m in Sources */,
				1865F3F31D503B7200BC56F5 /* FirstViewController.m in Sources */,
				1865F3FD1D503C4000BC56F5 /* MVVMBaseViewControllerVM.m in Sources */,
				1841F72B1D5318B600A912EB /* DayScheduleCellM.m in Sources */,
				1865F3B71D5032DB00BC56F5 /* AppDelegate.m in Sources */,
				1865F3F71D503BB900BC56F5 /* FirstViewControllerVM.m in Sources */,
				1865F3B41D5032DB00BC56F5 /* main.m in Sources */,
				1865F4041D504E6100BC56F5 /* Doctor.m in Sources */,
				18EFA0871D51EC2900044A68 /* SecondViewController.m in Sources */,
				18699C661DC71FE100173401 /* NSObject+MVVMViewModel.m in Sources */,
				18EFA08B1D51EC7400044A68 /* SecondViewControllerVM.m in Sources */,
				18699C6E1DC744A000173401 /* ThirdViewController.m in Sources */,
				18699C631DC71FC100173401 /* UIViewController+MVVMViewController.m in Sources */,
				180D1CC91D518AED00EEF51E /* DoctorInfoCell.m in Sources */,
				1865F3FA1D503C1E00BC56F5 /* MVVMBaseViewController.m in Sources */,
			);
			runOnlyForDeploymentPostprocessing = 0;
		};
/* End PBXSourcesBuildPhase section */

/* Begin PBXVariantGroup section */
		1865F3BB1D5032DB00BC56F5 /* Main.storyboard */ = {
			isa = PBXVariantGroup;
			children = (
				1865F3BC1D5032DB00BC56F5 /* Base */,
			);
			name = Main.storyboard;
			sourceTree = "<group>";
		};
		1865F3C01D5032DB00BC56F5 /* LaunchScreen.storyboard */ = {
			isa = PBXVariantGroup;
			children = (
				1865F3C11D5032DB00BC56F5 /* Base */,
			);
			name = LaunchScreen.storyboard;
			sourceTree = "<group>";
		};
/* End PBXVariantGroup section */

/* Begin XCBuildConfiguration section */
		1865F3DA1D5032DC00BC56F5 /* Debug */ = {
			isa = XCBuildConfiguration;
			buildSettings = {
				ALWAYS_SEARCH_USER_PATHS = NO;
				CLANG_ANALYZER_NONNULL = YES;
				CLANG_CXX_LANGUAGE_STANDARD = "gnu++0x";
				CLANG_CXX_LIBRARY = "libc++";
				CLANG_ENABLE_MODULES = YES;
				CLANG_ENABLE_OBJC_ARC = YES;
				CLANG_WARN_BOOL_CONVERSION = YES;
				CLANG_WARN_CONSTANT_CONVERSION = YES;
				CLANG_WARN_DIRECT_OBJC_ISA_USAGE = YES_ERROR;
				CLANG_WARN_EMPTY_BODY = YES;
				CLANG_WARN_ENUM_CONVERSION = YES;
				CLANG_WARN_INT_CONVERSION = YES;
				CLANG_WARN_OBJC_ROOT_CLASS = YES_ERROR;
				CLANG_WARN_UNREACHABLE_CODE = YES;
				CLANG_WARN__DUPLICATE_METHOD_MATCH = YES;
				"CODE_SIGN_IDENTITY[sdk=iphoneos*]" = "iPhone Developer";
				COPY_PHASE_STRIP = NO;
				DEBUG_INFORMATION_FORMAT = dwarf;
				ENABLE_STRICT_OBJC_MSGSEND = YES;
				ENABLE_TESTABILITY = YES;
				GCC_C_LANGUAGE_STANDARD = gnu99;
				GCC_DYNAMIC_NO_PIC = NO;
				GCC_NO_COMMON_BLOCKS = YES;
				GCC_OPTIMIZATION_LEVEL = 0;
				GCC_PREPROCESSOR_DEFINITIONS = (
					"DEBUG=1",
					"$(inherited)",
				);
				GCC_WARN_64_TO_32_BIT_CONVERSION = YES;
				GCC_WARN_ABOUT_RETURN_TYPE = YES_ERROR;
				GCC_WARN_UNDECLARED_SELECTOR = YES;
				GCC_WARN_UNINITIALIZED_AUTOS = YES_AGGRESSIVE;
				GCC_WARN_UNUSED_FUNCTION = YES;
				GCC_WARN_UNUSED_VARIABLE = YES;
				IPHONEOS_DEPLOYMENT_TARGET = 9.3;
				MTL_ENABLE_DEBUG_INFO = YES;
				ONLY_ACTIVE_ARCH = YES;
				SDKROOT = iphoneos;
			};
			name = Debug;
		};
		1865F3DB1D5032DC00BC56F5 /* Release */ = {
			isa = XCBuildConfiguration;
			buildSettings = {
				ALWAYS_SEARCH_USER_PATHS = NO;
				CLANG_ANALYZER_NONNULL = YES;
				CLANG_CXX_LANGUAGE_STANDARD = "gnu++0x";
				CLANG_CXX_LIBRARY = "libc++";
				CLANG_ENABLE_MODULES = YES;
				CLANG_ENABLE_OBJC_ARC = YES;
				CLANG_WARN_BOOL_CONVERSION = YES;
				CLANG_WARN_CONSTANT_CONVERSION = YES;
				CLANG_WARN_DIRECT_OBJC_ISA_USAGE = YES_ERROR;
				CLANG_WARN_EMPTY_BODY = YES;
				CLANG_WARN_ENUM_CONVERSION = YES;
				CLANG_WARN_INT_CONVERSION = YES;
				CLANG_WARN_OBJC_ROOT_CLASS = YES_ERROR;
				CLANG_WARN_UNREACHABLE_CODE = YES;
				CLANG_WARN__DUPLICATE_METHOD_MATCH = YES;
				"CODE_SIGN_IDENTITY[sdk=iphoneos*]" = "iPhone Developer";
				COPY_PHASE_STRIP = NO;
				DEBUG_INFORMATION_FORMAT = "dwarf-with-dsym";
				ENABLE_NS_ASSERTIONS = NO;
				ENABLE_STRICT_OBJC_MSGSEND = YES;
				GCC_C_LANGUAGE_STANDARD = gnu99;
				GCC_NO_COMMON_BLOCKS = YES;
				GCC_WARN_64_TO_32_BIT_CONVERSION = YES;
				GCC_WARN_ABOUT_RETURN_TYPE = YES_ERROR;
				GCC_WARN_UNDECLARED_SELECTOR = YES;
				GCC_WARN_UNINITIALIZED_AUTOS = YES_AGGRESSIVE;
				GCC_WARN_UNUSED_FUNCTION = YES;
				GCC_WARN_UNUSED_VARIABLE = YES;
				IPHONEOS_DEPLOYMENT_TARGET = 9.3;
				MTL_ENABLE_DEBUG_INFO = NO;
				SDKROOT = iphoneos;
				VALIDATE_PRODUCT = YES;
			};
			name = Release;
		};
		1865F3DD1D5032DC00BC56F5 /* Debug */ = {
			isa = XCBuildConfiguration;
			baseConfigurationReference = 7B78F50FE15AD070CA940822 /* Pods.debug.xcconfig */;
			buildSettings = {
				ASSETCATALOG_COMPILER_APPICON_NAME = AppIcon;
				DEVELOPMENT_TEAM = 6KLN6TB8A7;
				INFOPLIST_FILE = MVVMTest/Info.plist;
				IPHONEOS_DEPLOYMENT_TARGET = 9.3;
				LD_RUNPATH_SEARCH_PATHS = "$(inherited) @executable_path/Frameworks";
				PRODUCT_BUNDLE_IDENTIFIER = com.eku001.MVVMTest;
				PRODUCT_NAME = "$(TARGET_NAME)";
			};
			name = Debug;
		};
		1865F3DE1D5032DC00BC56F5 /* Release */ = {
			isa = XCBuildConfiguration;
			baseConfigurationReference = 1D08D8595CE979EB8F5F9097 /* Pods.release.xcconfig */;
			buildSettings = {
				ASSETCATALOG_COMPILER_APPICON_NAME = AppIcon;
				DEVELOPMENT_TEAM = 6KLN6TB8A7;
				INFOPLIST_FILE = MVVMTest/Info.plist;
				IPHONEOS_DEPLOYMENT_TARGET = 9.3;
				LD_RUNPATH_SEARCH_PATHS = "$(inherited) @executable_path/Frameworks";
				PRODUCT_BUNDLE_IDENTIFIER = com.eku001.MVVMTest;
				PRODUCT_NAME = "$(TARGET_NAME)";
			};
			name = Release;
		};
/* End XCBuildConfiguration section */

/* Begin XCConfigurationList section */
		1865F3AA1D5032DB00BC56F5 /* Build configuration list for PBXProject "MVVMTest" */ = {
			isa = XCConfigurationList;
			buildConfigurations = (
				1865F3DA1D5032DC00BC56F5 /* Debug */,
				1865F3DB1D5032DC00BC56F5 /* Release */,
			);
			defaultConfigurationIsVisible = 0;
			defaultConfigurationName = Release;
		};
		1865F3DC1D5032DC00BC56F5 /* Build configuration list for PBXNativeTarget "MVVMTest" */ = {
			isa = XCConfigurationList;
			buildConfigurations = (
				1865F3DD1D5032DC00BC56F5 /* Debug */,
				1865F3DE1D5032DC00BC56F5 /* Release */,
			);
			defaultConfigurationIsVisible = 0;
			defaultConfigurationName = Release;
		};
/* End XCConfigurationList section */
	};
	rootObject = 1865F3A71D5032DB00BC56F5 /* Project object */;
}
